<Solution>
  <Folder Name="/Luna/">
    <Project Path="Luna/Luna.Generators/Luna.Generators.csproj">
      <Platform Project="x64" />
    </Project>
    <Project Path="Luna/Luna/Luna.csproj">
      <Platform Project="x64" />
    </Project>
  </Folder>
  <Project Path="Oathbound.Plugin/Oathbound.Plugin.csproj">
    <Platform Project="x64" />
  </Project>
  <Project Path="Penumbra.Api/Penumbra.Api.csproj">
    <Platform Project="x64" />
  </Project>
</Solution>
